#MicroXplorer Configuration settings - do not modify
Dma.I2C2_RX.2.Direction=DMA_PERIPH_TO_MEMORY
Dma.I2C2_RX.2.FIFOMode=DMA_FIFOMODE_DISABLE
Dma.I2C2_RX.2.Instance=DMA1_Stream2
Dma.I2C2_RX.2.MemDataAlignment=DMA_MDATAALIGN_BYTE
Dma.I2C2_RX.2.MemInc=DMA_MINC_ENABLE
Dma.I2C2_RX.2.Mode=DMA_NORMAL
Dma.I2C2_RX.2.PeriphDataAlignment=DMA_PDATAALIGN_BYTE
Dma.I2C2_RX.2.PeriphInc=DMA_PINC_DISABLE
Dma.I2C2_RX.2.Priority=DMA_PRIORITY_LOW
Dma.I2C2_RX.2.RequestParameters=Instance,Direction,PeriphInc,MemInc,PeriphDataAlignment,MemDataAlignment,Mode,Priority,FIFOMode
Dma.I2C2_TX.3.Direction=DMA_MEMORY_TO_PERIPH
Dma.I2C2_TX.3.FIFOMode=DMA_FIFOMODE_DISABLE
Dma.I2C2_TX.3.Instance=DMA1_Stream7
Dma.I2C2_TX.3.MemDataAlignment=DMA_MDATAALIGN_BYTE
Dma.I2C2_TX.3.MemInc=DMA_MINC_ENABLE
Dma.I2C2_TX.3.Mode=DMA_NORMAL
Dma.I2C2_TX.3.PeriphDataAlignment=DMA_PDATAALIGN_BYTE
Dma.I2C2_TX.3.PeriphInc=DMA_PINC_DISABLE
Dma.I2C2_TX.3.Priority=DMA_PRIORITY_LOW
Dma.I2C2_TX.3.RequestParameters=Instance,Direction,PeriphInc,MemInc,PeriphDataAlignment,MemDataAlignment,Mode,Priority,FIFOMode
Dma.Request0=USART3_RX
Dma.Request1=USART3_TX
Dma.Request2=I2C2_RX
Dma.Request3=I2C2_TX
Dma.Request4=SPI1_RX
Dma.Request5=SPI1_TX
Dma.Request6=SDIO
Dma.Request7=UART4_TX
Dma.RequestsNb=8
Dma.SDIO.6.Direction=DMA_PERIPH_TO_MEMORY
Dma.SDIO.6.FIFOMode=DMA_FIFOMODE_ENABLE
Dma.SDIO.6.FIFOThreshold=DMA_FIFO_THRESHOLD_FULL
Dma.SDIO.6.Instance=DMA2_Stream3
Dma.SDIO.6.MemBurst=DMA_MBURST_INC4
Dma.SDIO.6.MemDataAlignment=DMA_MDATAALIGN_WORD
Dma.SDIO.6.MemInc=DMA_MINC_ENABLE
Dma.SDIO.6.Mode=DMA_PFCTRL
Dma.SDIO.6.PeriphBurst=DMA_PBURST_INC4
Dma.SDIO.6.PeriphDataAlignment=DMA_PDATAALIGN_WORD
Dma.SDIO.6.PeriphInc=DMA_PINC_DISABLE
Dma.SDIO.6.Priority=DMA_PRIORITY_LOW
Dma.SDIO.6.RequestParameters=Instance,Direction,PeriphInc,MemInc,PeriphDataAlignment,MemDataAlignment,Mode,Priority,FIFOMode,FIFOThreshold,MemBurst,PeriphBurst
Dma.SPI1_RX.4.Direction=DMA_PERIPH_TO_MEMORY
Dma.SPI1_RX.4.FIFOMode=DMA_FIFOMODE_DISABLE
Dma.SPI1_RX.4.Instance=DMA2_Stream0
Dma.SPI1_RX.4.MemDataAlignment=DMA_MDATAALIGN_BYTE
Dma.SPI1_RX.4.MemInc=DMA_MINC_ENABLE
Dma.SPI1_RX.4.Mode=DMA_NORMAL
Dma.SPI1_RX.4.PeriphDataAlignment=DMA_PDATAALIGN_BYTE
Dma.SPI1_RX.4.PeriphInc=DMA_PINC_DISABLE
Dma.SPI1_RX.4.Priority=DMA_PRIORITY_LOW
Dma.SPI1_RX.4.RequestParameters=Instance,Direction,PeriphInc,MemInc,PeriphDataAlignment,MemDataAlignment,Mode,Priority,FIFOMode
Dma.SPI1_TX.5.Direction=DMA_MEMORY_TO_PERIPH
Dma.SPI1_TX.5.FIFOMode=DMA_FIFOMODE_DISABLE
Dma.SPI1_TX.5.Instance=DMA2_Stream5
Dma.SPI1_TX.5.MemDataAlignment=DMA_MDATAALIGN_BYTE
Dma.SPI1_TX.5.MemInc=DMA_MINC_ENABLE
Dma.SPI1_TX.5.Mode=DMA_NORMAL
Dma.SPI1_TX.5.PeriphDataAlignment=DMA_PDATAALIGN_BYTE
Dma.SPI1_TX.5.PeriphInc=DMA_PINC_DISABLE
Dma.SPI1_TX.5.Priority=DMA_PRIORITY_LOW
Dma.SPI1_TX.5.RequestParameters=Instance,Direction,PeriphInc,MemInc,PeriphDataAlignment,MemDataAlignment,Mode,Priority,FIFOMode
Dma.UART4_TX.7.Direction=DMA_MEMORY_TO_PERIPH
Dma.UART4_TX.7.FIFOMode=DMA_FIFOMODE_DISABLE
Dma.UART4_TX.7.Instance=DMA1_Stream4
Dma.UART4_TX.7.MemDataAlignment=DMA_MDATAALIGN_BYTE
Dma.UART4_TX.7.MemInc=DMA_MINC_ENABLE
Dma.UART4_TX.7.Mode=DMA_NORMAL
Dma.UART4_TX.7.PeriphDataAlignment=DMA_PDATAALIGN_BYTE
Dma.UART4_TX.7.PeriphInc=DMA_PINC_DISABLE
Dma.UART4_TX.7.Priority=DMA_PRIORITY_LOW
Dma.UART4_TX.7.RequestParameters=Instance,Direction,PeriphInc,MemInc,PeriphDataAlignment,MemDataAlignment,Mode,Priority,FIFOMode
Dma.USART3_RX.0.Direction=DMA_PERIPH_TO_MEMORY
Dma.USART3_RX.0.FIFOMode=DMA_FIFOMODE_DISABLE
Dma.USART3_RX.0.Instance=DMA1_Stream1
Dma.USART3_RX.0.MemDataAlignment=DMA_MDATAALIGN_BYTE
Dma.USART3_RX.0.MemInc=DMA_MINC_ENABLE
Dma.USART3_RX.0.Mode=DMA_CIRCULAR
Dma.USART3_RX.0.PeriphDataAlignment=DMA_PDATAALIGN_BYTE
Dma.USART3_RX.0.PeriphInc=DMA_PINC_DISABLE
Dma.USART3_RX.0.Priority=DMA_PRIORITY_LOW
Dma.USART3_RX.0.RequestParameters=Instance,Direction,PeriphInc,MemInc,PeriphDataAlignment,MemDataAlignment,Mode,Priority,FIFOMode
Dma.USART3_TX.1.Direction=DMA_MEMORY_TO_PERIPH
Dma.USART3_TX.1.FIFOMode=DMA_FIFOMODE_DISABLE
Dma.USART3_TX.1.Instance=DMA1_Stream3
Dma.USART3_TX.1.MemDataAlignment=DMA_MDATAALIGN_BYTE
Dma.USART3_TX.1.MemInc=DMA_MINC_ENABLE
Dma.USART3_TX.1.Mode=DMA_NORMAL
Dma.USART3_TX.1.PeriphDataAlignment=DMA_PDATAALIGN_BYTE
Dma.USART3_TX.1.PeriphInc=DMA_PINC_DISABLE
Dma.USART3_TX.1.Priority=DMA_PRIORITY_LOW
Dma.USART3_TX.1.RequestParameters=Instance,Direction,PeriphInc,MemInc,PeriphDataAlignment,MemDataAlignment,Mode,Priority,FIFOMode
FREERTOS.BinarySemaphores01=IMU_IntSem,Dynamic,NULL;xBeeTxBufferSem,Dynamic,NULL;pressureSensorI2cSem,Dynamic,NULL
FREERTOS.FootprintOK=true
FREERTOS.HEAP_NUMBER=4
FREERTOS.IPParameters=Tasks01,BinarySemaphores01,FootprintOK,configGENERATE_RUN_TIME_STATS,configUSE_TRACE_FACILITY,Queues01,MEMORY_ALLOCATION,HEAP_NUMBER,configTOTAL_HEAP_SIZE
FREERTOS.MEMORY_ALLOCATION=0
FREERTOS.Queues01=xBeeQueue,16,Telemetry_Message,0,Dynamic,NULL,NULL
FREERTOS.Tasks01=defaultTask,0,128,StartDefaultTask,Default,NULL,Dynamic,NULL,NULL;IMU_iface,1,128,TK_IMU,As external,NULL,Dynamic,NULL,NULL;xBeeTelemetry,-1,128,TK_xBeeTelemetry,As external,NULL,Dynamic,NULL,NULL;fetchFBarometer,1,128,TK_fetchBarometer,As external,NULL,Dynamic,NULL,NULL;centralizeData,0,128,TK_data,As external,NULL,Dynamic,NULL,NULL;xBee_RC,0,128,TK_xBee_receive,As external,NULL,Dynamic,NULL,NULL;state_machine,2,128,TK_state_machine,As weak,NULL,Dynamic,NULL,NULL
FREERTOS.configGENERATE_RUN_TIME_STATS=1
FREERTOS.configTOTAL_HEAP_SIZE=51200
FREERTOS.configUSE_TRACE_FACILITY=1
File.Version=6
I2C2.ClockSpeed=400000
I2C2.I2C_Mode=I2C_Fast
I2C2.IPParameters=I2C_Mode,ClockSpeed
KeepUserPlacement=false
Mcu.Family=STM32F4
Mcu.IP0=DMA
Mcu.IP1=FATFS
Mcu.IP10=UART4
Mcu.IP11=USART1
Mcu.IP12=USART3
Mcu.IP2=FREERTOS
Mcu.IP3=I2C2
Mcu.IP4=NVIC
Mcu.IP5=RCC
Mcu.IP6=SDIO
Mcu.IP7=SPI1
Mcu.IP8=SYS
Mcu.IP9=TIM7
Mcu.IPNb=13
Mcu.Name=STM32F405VGTx
Mcu.Package=LQFP100
Mcu.Pin0=PA0-WKUP
Mcu.Pin1=PA1
Mcu.Pin10=PE10
Mcu.Pin11=PE11
Mcu.Pin12=PB10
Mcu.Pin13=PB11
Mcu.Pin14=PD8
Mcu.Pin15=PD9
Mcu.Pin16=PD15
Mcu.Pin17=PC8
Mcu.Pin18=PC9
Mcu.Pin19=PA8
Mcu.Pin2=PA4
Mcu.Pin20=PA10
Mcu.Pin21=PC10
Mcu.Pin22=PC11
Mcu.Pin23=PC12
Mcu.Pin24=PD2
Mcu.Pin25=PD5
Mcu.Pin26=PB6
Mcu.Pin27=PB7
Mcu.Pin28=VP_FATFS_VS_SDIO
Mcu.Pin29=VP_FREERTOS_VS_ENABLE
Mcu.Pin3=PA5
Mcu.Pin30=VP_SYS_VS_tim14
Mcu.Pin31=VP_TIM7_VS_ClockSourceINT
Mcu.Pin4=PA6
Mcu.Pin5=PA7
Mcu.Pin6=PC5
Mcu.Pin7=PB0
Mcu.Pin8=PB1
Mcu.Pin9=PE9
Mcu.PinsNb=32
Mcu.ThirdPartyNb=0
Mcu.UserConstants=
Mcu.UserName=STM32F405VGTx
MxCube.Version=4.25.0
MxDb.Version=DB.4.0.250
NVIC.BusFault_IRQn=true\:0\:0\:false\:false\:true\:false\:false
NVIC.DMA1_Stream1_IRQn=true\:5\:0\:false\:false\:true\:true\:false
NVIC.DMA1_Stream2_IRQn=true\:5\:0\:false\:false\:true\:false\:false
NVIC.DMA1_Stream3_IRQn=true\:5\:0\:false\:false\:true\:true\:false
NVIC.DMA1_Stream4_IRQn=true\:5\:0\:false\:false\:true\:true\:false
NVIC.DMA1_Stream7_IRQn=true\:5\:0\:false\:false\:true\:true\:false
NVIC.DMA2_Stream0_IRQn=true\:5\:0\:false\:false\:true\:true\:false
NVIC.DMA2_Stream3_IRQn=true\:5\:0\:false\:false\:true\:true\:false
NVIC.DMA2_Stream5_IRQn=true\:5\:0\:false\:false\:true\:true\:false
NVIC.DebugMonitor_IRQn=true\:0\:0\:false\:false\:true\:false\:false
NVIC.EXTI9_5_IRQn=true\:12\:0\:true\:false\:true\:true\:true
NVIC.HardFault_IRQn=true\:0\:0\:false\:false\:true\:false\:false
NVIC.I2C2_ER_IRQn=true\:5\:0\:false\:false\:true\:true\:true
NVIC.I2C2_EV_IRQn=true\:5\:0\:false\:false\:true\:true\:true
NVIC.MemoryManagement_IRQn=true\:0\:0\:false\:false\:true\:false\:false
NVIC.NonMaskableInt_IRQn=true\:0\:0\:false\:false\:true\:false\:false
NVIC.PendSV_IRQn=true\:15\:0\:false\:false\:false\:true\:false
NVIC.PriorityGroup=NVIC_PRIORITYGROUP_4
NVIC.SPI1_IRQn=true\:5\:0\:false\:false\:true\:true\:true
NVIC.SVCall_IRQn=true\:0\:0\:false\:false\:false\:false\:false
NVIC.SysTick_IRQn=true\:15\:0\:false\:false\:true\:true\:false
NVIC.TIM7_IRQn=true\:5\:0\:false\:false\:true\:true\:true
NVIC.TIM8_TRG_COM_TIM14_IRQn=true\:0\:0\:false\:false\:true\:false\:false
NVIC.TimeBase=TIM8_TRG_COM_TIM14_IRQn
NVIC.TimeBaseIP=TIM14
NVIC.UART4_IRQn=true\:5\:0\:false\:false\:true\:true\:true
NVIC.USART3_IRQn=true\:5\:0\:false\:false\:true\:true\:true
NVIC.UsageFault_IRQn=true\:0\:0\:false\:false\:true\:false\:false
PA0-WKUP.GPIOParameters=GPIO_Label
PA0-WKUP.GPIO_Label=CENTRAL_TX
PA0-WKUP.Locked=true
PA0-WKUP.Mode=Asynchronous
PA0-WKUP.Signal=UART4_TX
PA1.GPIOParameters=GPIO_Label
PA1.GPIO_Label=CENTRAL_RX
PA1.Mode=Asynchronous
PA1.Signal=UART4_RX
PA10.GPIOParameters=GPIO_Label
PA10.GPIO_Label=AUX_IO_12
PA10.Locked=true
PA10.Signal=GPIO_Output
PA4.GPIOParameters=GPIO_PuPd,GPIO_Label
PA4.GPIO_Label=IMU_NSS
PA4.GPIO_PuPd=GPIO_NOPULL
PA4.Mode=NSS_Signal_Hard_Output
PA4.Signal=SPI1_NSS
PA5.GPIOParameters=GPIO_PuPd,GPIO_Label
PA5.GPIO_Label=IMU_SCK
PA5.GPIO_PuPd=GPIO_NOPULL
PA5.Mode=Full_Duplex_Master
PA5.Signal=SPI1_SCK
PA6.GPIOParameters=GPIO_Label
PA6.GPIO_Label=IMU_MISO
PA6.Mode=Full_Duplex_Master
PA6.Signal=SPI1_MISO
PA7.GPIOParameters=GPIO_Label
PA7.GPIO_Label=IMU_MOSI
PA7.Mode=Full_Duplex_Master
PA7.Signal=SPI1_MOSI
PA8.GPIOParameters=GPIO_Label
PA8.GPIO_Label=AUX_IO_10
PA8.Locked=true
PA8.Signal=GPIO_Output
PB0.GPIOParameters=PinState,GPIO_Label
PB0.GPIO_Label=ABS_P_SENS_ENn
PB0.Locked=true
PB0.PinState=GPIO_PIN_SET
PB0.Signal=GPIO_Output
PB1.GPIOParameters=PinState,GPIO_Label
PB1.GPIO_Label=DIF_P_SENS_ENn
PB1.Locked=true
PB1.PinState=GPIO_PIN_SET
PB1.Signal=GPIO_Output
PB10.Locked=true
PB10.Mode=I2C
PB10.Signal=I2C2_SCL
PB11.Locked=true
PB11.Mode=I2C
PB11.Signal=I2C2_SDA
PB6.GPIOParameters=GPIO_Label
PB6.GPIO_Label=HUM900_TX
PB6.Locked=true
PB6.Mode=Asynchronous
PB6.Signal=USART1_TX
PB7.GPIOParameters=GPIO_Label
PB7.GPIO_Label=HUM900_RX
PB7.Locked=true
PB7.Mode=Asynchronous
PB7.Signal=USART1_RX
PC10.Mode=SD_4_bits_Wide_bus
PC10.Signal=SDIO_D2
PC11.Mode=SD_4_bits_Wide_bus
PC11.Signal=SDIO_D3
PC12.Mode=SD_4_bits_Wide_bus
PC12.Signal=SDIO_CK
PC5.GPIOParameters=PinState,GPIO_Label
PC5.GPIO_Label=GPS_ENn
PC5.Locked=true
PC5.PinState=GPIO_PIN_SET
PC5.Signal=GPIO_Output
PC8.Mode=SD_4_bits_Wide_bus
PC8.Signal=SDIO_D0
PC9.Mode=SD_4_bits_Wide_bus
PC9.Signal=SDIO_D1
PCC.Checker=false
PCC.Line=STM32F405/415
PCC.MCU=STM32F405VGTx
PCC.PartNumber=STM32F405VGTx
PCC.Seq0=0
PCC.Series=STM32F4
PCC.Temperature=25
PCC.Vdd=3.3
PD15.GPIOParameters=PinState,GPIO_Label
PD15.GPIO_Label=IMU_ENn
PD15.Locked=true
PD15.PinState=GPIO_PIN_SET
PD15.Signal=GPIO_Output
PD2.Mode=SD_4_bits_Wide_bus
PD2.Signal=SDIO_CMD
PD5.GPIOParameters=GPIO_Label,GPIO_ModeDefaultEXTI
PD5.GPIO_Label=IMU_INT0
PD5.GPIO_ModeDefaultEXTI=GPIO_MODE_IT_FALLING
PD5.Locked=true
PD5.Signal=GPXTI5
PD8.GPIOParameters=GPIO_Label
PD8.GPIO_Label=XBEE_TX
PD8.Locked=true
PD8.Mode=Asynchronous
PD8.Signal=USART3_TX
PD9.GPIOParameters=GPIO_Label
PD9.GPIO_Label=XBEE_RX
PD9.Locked=true
PD9.Mode=Asynchronous
PD9.Signal=USART3_RX
PE10.GPIOParameters=PinState,GPIO_Label
PE10.GPIO_Label=GPS_RESETn
PE10.Locked=true
PE10.PinState=GPIO_PIN_SET
PE10.Signal=GPIO_Output
PE11.GPIOParameters=GPIO_Label
PE11.GPIO_Label=GPS_SWITCH
PE11.Locked=true
PE11.Signal=GPIO_Output
PE9.GPIOParameters=PinState,GPIO_Label
PE9.GPIO_Label=SD_ENn
PE9.Locked=true
PE9.PinState=GPIO_PIN_SET
PE9.Signal=GPIO_Output
PinOutPanel.RotationAngle=0
ProjectManager.AskForMigrate=true
ProjectManager.BackupPrevious=false
ProjectManager.CompilerOptimize=3
ProjectManager.ComputerToolchain=false
ProjectManager.CoupleFile=false
ProjectManager.CustomerFirmwarePackage=
ProjectManager.DefaultFWLocation=true
ProjectManager.DeletePrevious=true
ProjectManager.DeviceId=STM32F405VGTx
ProjectManager.FirmwarePackage=STM32Cube FW_F4 V1.21.0
ProjectManager.FreePins=false
ProjectManager.HalAssertFull=false
ProjectManager.HeapSize=0x200
ProjectManager.KeepUserCode=true
ProjectManager.LastFirmware=true
ProjectManager.LibraryCopy=1
ProjectManager.MainLocation=Src
ProjectManager.PreviousToolchain=TrueSTUDIO
ProjectManager.ProjectBuild=false
ProjectManager.ProjectFileName=nosecone_fw.ioc
ProjectManager.ProjectName=nosecone_fw
ProjectManager.StackSize=0x400
ProjectManager.TargetToolchain=TrueSTUDIO
ProjectManager.ToolChainLocation=
ProjectManager.UnderRoot=true
ProjectManager.functionlistsort=1-MX_GPIO_Init-GPIO-false-HAL-true,2-MX_DMA_Init-DMA-false-HAL-true,3-SystemClock_Config-RCC-false-HAL-false,4-MX_SPI1_Init-SPI1-false-HAL-true,5-MX_USART1_UART_Init-USART1-false-HAL-true,6-MX_TIM7_Init-TIM7-false-HAL-true,7-MX_USART3_UART_Init-USART3-false-HAL-true,8-MX_I2C2_Init-I2C2-false-HAL-true,9-MX_SDIO_SD_Init-SDIO-false-HAL-true,10-MX_FATFS_Init-FATFS-false-HAL-true,11-MX_UART4_Init-UART4-false-HAL-true
RCC.48MHZClocksFreq_Value=42000000
RCC.AHBFreq_Value=168000000
RCC.APB1CLKDivider=RCC_HCLK_DIV4
RCC.APB1Freq_Value=42000000
RCC.APB1TimFreq_Value=84000000
RCC.APB2CLKDivider=RCC_HCLK_DIV2
RCC.APB2Freq_Value=84000000
RCC.APB2TimFreq_Value=168000000
RCC.CortexFreq_Value=168000000
RCC.EthernetFreq_Value=168000000
RCC.FCLKCortexFreq_Value=168000000
RCC.FamilyName=M
RCC.HCLKFreq_Value=168000000
RCC.HSE_VALUE=25000000
RCC.HSI_VALUE=16000000
RCC.I2SClocksFreq_Value=192000000
RCC.IPParameters=48MHZClocksFreq_Value,AHBFreq_Value,APB1CLKDivider,APB1Freq_Value,APB1TimFreq_Value,APB2CLKDivider,APB2Freq_Value,APB2TimFreq_Value,CortexFreq_Value,EthernetFreq_Value,FCLKCortexFreq_Value,FamilyName,HCLKFreq_Value,HSE_VALUE,HSI_VALUE,I2SClocksFreq_Value,LSE_VALUE,LSI_VALUE,MCO2PinFreq_Value,PLLCLKFreq_Value,PLLM,PLLN,PLLQ,PLLQCLKFreq_Value,RTCFreq_Value,RTCHSEDivFreq_Value,SYSCLKFreq_VALUE,SYSCLKSource,VCOI2SOutputFreq_Value,VCOInputFreq_Value,VCOOutputFreq_Value,VcooutputI2S
RCC.LSE_VALUE=32768
RCC.LSI_VALUE=32000
RCC.MCO2PinFreq_Value=168000000
RCC.PLLCLKFreq_Value=168000000
RCC.PLLM=8
RCC.PLLN=168
RCC.PLLQ=8
RCC.PLLQCLKFreq_Value=42000000
RCC.RTCFreq_Value=32000
RCC.RTCHSEDivFreq_Value=12500000
RCC.SYSCLKFreq_VALUE=168000000
RCC.SYSCLKSource=RCC_SYSCLKSOURCE_PLLCLK
RCC.VCOI2SOutputFreq_Value=384000000
RCC.VCOInputFreq_Value=2000000
RCC.VCOOutputFreq_Value=336000000
RCC.VcooutputI2S=192000000
SH.GPXTI5.0=GPIO_EXTI5
SH.GPXTI5.ConfNb=1
SPI1.BaudRatePrescaler=SPI_BAUDRATEPRESCALER_256
SPI1.CalculateBaudRate=328.125 KBits/s
SPI1.Direction=SPI_DIRECTION_2LINES
SPI1.IPParameters=VirtualType,Mode,Direction,CalculateBaudRate,BaudRatePrescaler,TIMode,VirtualNSS
SPI1.Mode=SPI_MODE_MASTER
SPI1.TIMode=SPI_TIMODE_DISABLE
SPI1.VirtualNSS=VM_NSSHARD
SPI1.VirtualType=VM_MASTER
TIM7.IPParameters=Prescaler,Period
TIM7.Period=50
TIM7.Prescaler=168
UART4.IPParameters=VirtualMode
UART4.VirtualMode=Asynchronous
USART1.IPParameters=VirtualMode
USART1.VirtualMode=VM_ASYNC
USART3.IPParameters=VirtualMode
USART3.VirtualMode=VM_ASYNC
VP_FATFS_VS_SDIO.Mode=SDIO
VP_FATFS_VS_SDIO.Signal=FATFS_VS_SDIO
VP_FREERTOS_VS_ENABLE.Mode=Enabled
VP_FREERTOS_VS_ENABLE.Signal=FREERTOS_VS_ENABLE
VP_SYS_VS_tim14.Mode=TIM14
VP_SYS_VS_tim14.Signal=SYS_VS_tim14
VP_TIM7_VS_ClockSourceINT.Mode=Enable_Timer
VP_TIM7_VS_ClockSourceINT.Signal=TIM7_VS_ClockSourceINT
board=nosecone_fw
